
Microsoft Visual Studio Solution File, Format Version 12.00
# Visual Studio Version 17
VisualStudioVersion = 17.8.34525.116
MinimumVisualStudioVersion = 10.0.40219.1
Project("{FAE04EC0-301F-11D3-BF4B-00C04F79EFBC}") = "SRP", "SRP\SRP.csproj", "{3099AC28-C507-4BEF-A729-CBE02F66D8EF}"
EndProject
Project("{FAE04EC0-301F-11D3-BF4B-00C04F79EFBC}") = "OCP", "OCP\OCP.csproj", "{226CC597-27B5-450E-BD44-BA04E33765FE}"
EndProject
Project("{FAE04EC0-301F-11D3-BF4B-00C04F79EFBC}") = "LSP", "LSP\LSP.csproj", "{84B77EBE-E40D-4232-93F6-18979C4E65F0}"
EndProject
Project("{FAE04EC0-301F-11D3-BF4B-00C04F79EFBC}") = "ISP", "ISP\ISP.csproj", "{D26EC29F-B7B4-4F1B-90B7-0983C591324D}"
EndProject
Project("{FAE04EC0-301F-11D3-BF4B-00C04F79EFBC}") = "DIP", "DIP\DIP.csproj", "{3B70AE0C-39CB-49CA-B7F5-F3EA274BBD62}"
EndProject
Global
	GlobalSection(SolutionConfigurationPlatforms) = preSolution
		Debug|Any CPU = Debug|Any CPU
		Release|Any CPU = Release|Any CPU
	EndGlobalSection
	GlobalSection(ProjectConfigurationPlatforms) = postSolution
		{3099AC28-C507-4BEF-A729-CBE02F66D8EF}.Debug|Any CPU.ActiveCfg = Debug|Any CPU
		{3099AC28-C507-4BEF-A729-CBE02F66D8EF}.Debug|Any CPU.Build.0 = Debug|Any CPU
		{3099AC28-C507-4BEF-A729-CBE02F66D8EF}.Release|Any CPU.ActiveCfg = Release|Any CPU
		{3099AC28-C507-4BEF-A729-CBE02F66D8EF}.Release|Any CPU.Build.0 = Release|Any CPU
		{226CC597-27B5-450E-BD44-BA04E33765FE}.Debug|Any CPU.ActiveCfg = Debug|Any CPU
		{226CC597-27B5-450E-BD44-BA04E33765FE}.Debug|Any CPU.Build.0 = Debug|Any CPU
		{226CC597-27B5-450E-BD44-BA04E33765FE}.Release|Any CPU.ActiveCfg = Release|Any CPU
		{226CC597-27B5-450E-BD44-BA04E33765FE}.Release|Any CPU.Build.0 = Release|Any CPU
		{84B77EBE-E40D-4232-93F6-18979C4E65F0}.Debug|Any CPU.ActiveCfg = Debug|Any CPU
		{84B77EBE-E40D-4232-93F6-18979C4E65F0}.Debug|Any CPU.Build.0 = Debug|Any CPU
		{84B77EBE-E40D-4232-93F6-18979C4E65F0}.Release|Any CPU.ActiveCfg = Release|Any CPU
		{84B77EBE-E40D-4232-93F6-18979C4E65F0}.Release|Any CPU.Build.0 = Release|Any CPU
		{D26EC29F-B7B4-4F1B-90B7-0983C591324D}.Debug|Any CPU.ActiveCfg = Debug|Any CPU
		{D26EC29F-B7B4-4F1B-90B7-0983C591324D}.Debug|Any CPU.Build.0 = Debug|Any CPU
		{D26EC29F-B7B4-4F1B-90B7-0983C591324D}.Release|Any CPU.ActiveCfg = Release|Any CPU
		{D26EC29F-B7B4-4F1B-90B7-0983C591324D}.Release|Any CPU.Build.0 = Release|Any CPU
		{3B70AE0C-39CB-49CA-B7F5-F3EA274BBD62}.Debug|Any CPU.ActiveCfg = Debug|Any CPU
		{3B70AE0C-39CB-49CA-B7F5-F3EA274BBD62}.Debug|Any CPU.Build.0 = Debug|Any CPU
		{3B70AE0C-39CB-49CA-B7F5-F3EA274BBD62}.Release|Any CPU.ActiveCfg = Release|Any CPU
		{3B70AE0C-39CB-49CA-B7F5-F3EA274BBD62}.Release|Any CPU.Build.0 = Release|Any CPU
	EndGlobalSection
	GlobalSection(SolutionProperties) = preSolution
		HideSolutionNode = FALSE
	EndGlobalSection
	GlobalSection(ExtensibilityGlobals) = postSolution
		SolutionGuid = {D3F42B1E-7C2E-4496-897B-EA6E2EDD31CA}
	EndGlobalSection
EndGlobal
